
Microsoft Visual Studio Solution File, Format Version 12.00
# Visual Studio Version 16
VisualStudioVersion = 16.0.30320.27
MinimumVisualStudioVersion = 10.0.40219.1
Project("{8BC9CEB8-8B4A-11D0-8D11-00A0C91BC942}") = "age", "age\age.vcxproj", "{3F2DA482-9651-407F-B9F9-FACD42775DED}"
EndProject
Global
	GlobalSection(SolutionConfigurationPlatforms) = preSolution
		Debug|x64 = Debug|x64
		Debug|x86 = Debug|x86
		Release|x64 = Release|x64
		Release|x86 = Release|x86
	EndGlobalSection
	GlobalSection(ProjectConfigurationPlatforms) = postSolution
		{3F2DA482-9651-407F-B9F9-FACD42775DED}.Debug|x64.ActiveCfg = Debug|x64
		{3F2DA482-9651-407F-B9F9-FACD42775DED}.Debug|x64.Build.0 = Debug|x64
		{3F2DA482-9651-407F-B9F9-FACD42775DED}.Debug|x86.ActiveCfg = Debug|Win32
		{3F2DA482-9651-407F-B9F9-FACD42775DED}.Debug|x86.Build.0 = Debug|Win32
		{3F2DA482-9651-407F-B9F9-FACD42775DED}.Release|x64.ActiveCfg = Release|x64
		{3F2DA482-9651-407F-B9F9-FACD42775DED}.Release|x64.Build.0 = Release|x64
		{3F2DA482-9651-407F-B9F9-FACD42775DED}.Release|x86.ActiveCfg = Release|Win32
		{3F2DA482-9651-407F-B9F9-FACD42775DED}.Release|x86.Build.0 = Release|Win32
	EndGlobalSection
	GlobalSection(SolutionProperties) = preSolution
		HideSolutionNode = FALSE
	EndGlobalSection
	GlobalSection(ExtensibilityGlobals) = postSolution
		SolutionGuid = {465BB297-C873-4301-ACA8-0EE27ACF7B9C}
	EndGlobalSection
EndGlobal
